
Microsoft Visual Studio Solution File, Format Version 12.00
# Visual Studio Version 17
VisualStudioVersion = 17.8.34525.116
MinimumVisualStudioVersion = 10.0.40219.1
Project("{FAE04EC0-301F-11D3-BF4B-00C04F79EFBC}") = "WeWriteWeb", "WeWriteWeb\WeWriteWeb.csproj", "{1C87C317-8009-4197-984C-1EC2AA2AEA56}"
EndProject
Global
	GlobalSection(SolutionConfigurationPlatforms) = preSolution
		Debug|Any CPU = Debug|Any CPU
		Release|Any CPU = Release|Any CPU
	EndGlobalSection
	GlobalSection(ProjectConfigurationPlatforms) = postSolution
		{1C87C317-8009-4197-984C-1EC2AA2AEA56}.Debug|Any CPU.ActiveCfg = Debug|Any CPU
		{1C87C317-8009-4197-984C-1EC2AA2AEA56}.Debug|Any CPU.Build.0 = Debug|Any CPU
		{1C87C317-8009-4197-984C-1EC2AA2AEA56}.Release|Any CPU.ActiveCfg = Release|Any CPU
		{1C87C317-8009-4197-984C-1EC2AA2AEA56}.Release|Any CPU.Build.0 = Release|Any CPU
	EndGlobalSection
	GlobalSection(SolutionProperties) = preSolution
		HideSolutionNode = FALSE
	EndGlobalSection
	GlobalSection(ExtensibilityGlobals) = postSolution
		SolutionGuid = {5579BA3A-14D1-4A8D-AA24-8334CE09650D}
	EndGlobalSection
EndGlobal
